// !$*UTF8*$!
{
	archiveVersion = 1;
	classes = {
	};
	objectVersion = 46;
	objects = {

/* Begin PBXBuildFile section */
		28D75C231CED42960059D0D0 /* AppDelegate.swift in Sources */ = {isa = PBXBuildFile; fileRef = 28D75C221CED42960059D0D0 /* AppDelegate.swift */; };
		28D75C281CED42960059D0D0 /* Main.storyboard in Resources */ = {isa = PBXBuildFile; fileRef = 28D75C261CED42960059D0D0 /* Main.storyboard */; };
		28D75C2A1CED42960059D0D0 /* Assets.xcassets in Resources */ = {isa = PBXBuildFile; fileRef = 28D75C291CED42960059D0D0 /* Assets.xcassets */; };
		28D75C2D1CED42960059D0D0 /* LaunchScreen.storyboard in Resources */ = {isa = PBXBuildFile; fileRef = 28D75C2B1CED42960059D0D0 /* LaunchScreen.storyboard */; };
		28D75C351CED435F0059D0D0 /* Entry.swift in Sources */ = {isa = PBXBuildFile; fileRef = 28D75C341CED435F0059D0D0 /* Entry.swift */; };
		28D75C371CED44B40059D0D0 /* EntryController.swift in Sources */ = {isa = PBXBuildFile; fileRef = 28D75C361CED44B40059D0D0 /* EntryController.swift */; };
		28D75C3B1CED4DCF0059D0D0 /* EntryListTableViewController.swift in Sources */ = {isa = PBXBuildFile; fileRef = 28D75C3A1CED4DCF0059D0D0 /* EntryListTableViewController.swift */; };
		28D75C3E1CED524C0059D0D0 /* EntryDetailViewController.swift in Sources */ = {isa = PBXBuildFile; fileRef = 28D75C3D1CED524C0059D0D0 /* EntryDetailViewController.swift */; };
/* End PBXBuildFile section */

/* Begin PBXFileReference section */
		28D75C1F1CED42960059D0D0 /* Journal2.0.app */ = {isa = PBXFileReference; explicitFileType = wrapper.application; includeInIndex = 0; path = Journal2.0.app; sourceTree = BUILT_PRODUCTS_DIR; };
		28D75C221CED42960059D0D0 /* AppDelegate.swift */ = {isa = PBXFileReference; lastKnownFileType = sourcecode.swift; path = AppDelegate.swift; sourceTree = "<group>"; };
		28D75C271CED42960059D0D0 /* Base */ = {isa = PBXFileReference; lastKnownFileType = file.storyboard; name = Base; path = Base.lproj/Main.storyboard; sourceTree = "<group>"; };
		28D75C291CED42960059D0D0 /* Assets.xcassets */ = {isa = PBXFileReference; lastKnownFileType = folder.assetcatalog; path = Assets.xcassets; sourceTree = "<group>"; };
		28D75C2C1CED42960059D0D0 /* Base */ = {isa = PBXFileReference; lastKnownFileType = file.storyboard; name = Base; path = Base.lproj/LaunchScreen.storyboard; sourceTree = "<group>"; };
		28D75C2E1CED42960059D0D0 /* Info.plist */ = {isa = PBXFileReference; lastKnownFileType = text.plist.xml; path = Info.plist; sourceTree = "<group>"; };
		28D75C341CED435F0059D0D0 /* Entry.swift */ = {isa = PBXFileReference; fileEncoding = 4; lastKnownFileType = sourcecode.swift; path = Entry.swift; sourceTree = "<group>"; };
		28D75C361CED44B40059D0D0 /* EntryController.swift */ = {isa = PBXFileReference; fileEncoding = 4; lastKnownFileType = sourcecode.swift; path = EntryController.swift; sourceTree = "<group>"; };
		28D75C3A1CED4DCF0059D0D0 /* EntryListTableViewController.swift */ = {isa = PBXFileReference; fileEncoding = 4; lastKnownFileType = sourcecode.swift; path = EntryListTableViewController.swift; sourceTree = "<group>"; };
		28D75C3D1CED524C0059D0D0 /* EntryDetailViewController.swift */ = {isa = PBXFileReference; fileEncoding = 4; lastKnownFileType = sourcecode.swift; path = EntryDetailViewController.swift; sourceTree = "<group>"; };
/* End PBXFileReference section */

/* Begin PBXFrameworksBuildPhase section */
		28D75C1C1CED42960059D0D0 /* Frameworks */ = {
			isa = PBXFrameworksBuildPhase;
			buildActionMask = 2147483647;
			files = (
			);
			runOnlyForDeploymentPostprocessing = 0;
		};
/* End PBXFrameworksBuildPhase section */

/* Begin PBXGroup section */
		28D75C161CED42960059D0D0 = {
			isa = PBXGroup;
			children = (
				28D75C211CED42960059D0D0 /* Journal2.0 */,
				28D75C201CED42960059D0D0 /* Products */,
			);
			sourceTree = "<group>";
		};
		28D75C201CED42960059D0D0 /* Products */ = {
			isa = PBXGroup;
			children = (
				28D75C1F1CED42960059D0D0 /* Journal2.0.app */,
			);
			name = Products;
			sourceTree = "<group>";
		};
		28D75C211CED42960059D0D0 /* Journal2.0 */ = {
			isa = PBXGroup;
			children = (
				28D75C3C1CED4DD70059D0D0 /* Controller Views */,
				28D75C381CED46A70059D0D0 /* Models */,
				28D75C391CED46C30059D0D0 /* Controllers */,
				28D75C291CED42960059D0D0 /* Assets.xcassets */,
				28D75C2B1CED42960059D0D0 /* LaunchScreen.storyboard */,
				28D75C2E1CED42960059D0D0 /* Info.plist */,
				28D75C221CED42960059D0D0 /* AppDelegate.swift */,
			);
			path = Journal2.0;
			sourceTree = "<group>";
		};
		28D75C381CED46A70059D0D0 /* Models */ = {
			isa = PBXGroup;
			children = (
				28D75C341CED435F0059D0D0 /* Entry.swift */,
			);
			name = Models;
			sourceTree = "<group>";
		};
		28D75C391CED46C30059D0D0 /* Controllers */ = {
			isa = PBXGroup;
			children = (
				28D75C361CED44B40059D0D0 /* EntryController.swift */,
			);
			name = Controllers;
			sourceTree = "<group>";
		};
		28D75C3C1CED4DD70059D0D0 /* Controller Views */ = {
			isa = PBXGroup;
			children = (
				28D75C3A1CED4DCF0059D0D0 /* EntryListTableViewController.swift */,
				28D75C3D1CED524C0059D0D0 /* EntryDetailViewController.swift */,
				28D75C261CED42960059D0D0 /* Main.storyboard */,
			);
			name = "Controller Views";
			sourceTree = "<group>";
		};
/* End PBXGroup section */

/* Begin PBXNativeTarget section */
		28D75C1E1CED42960059D0D0 /* Journal2.0 */ = {
			isa = PBXNativeTarget;
			buildConfigurationList = 28D75C311CED42960059D0D0 /* Build configuration list for PBXNativeTarget "Journal2.0" */;
			buildPhases = (
				28D75C1B1CED42960059D0D0 /* Sources */,
				28D75C1C1CED42960059D0D0 /* Frameworks */,
				28D75C1D1CED42960059D0D0 /* Resources */,
			);
			buildRules = (
			);
			dependencies = (
			);
			name = Journal2.0;
			productName = Journal2.0;
			productReference = 28D75C1F1CED42960059D0D0 /* Journal2.0.app */;
			productType = "com.apple.product-type.application";
		};
/* End PBXNativeTarget section */

/* Begin PBXProject section */
		28D75C171CED42960059D0D0 /* Project object */ = {
			isa = PBXProject;
			attributes = {
				LastSwiftUpdateCheck = 0730;
				LastUpgradeCheck = 0730;
				ORGANIZATIONNAME = littleJohns;
				TargetAttributes = {
					28D75C1E1CED42960059D0D0 = {
						CreatedOnToolsVersion = 7.3.1;
						DevelopmentTeam = BQF3GEL447;
					};
				};
			};
			buildConfigurationList = 28D75C1A1CED42960059D0D0 /* Build configuration list for PBXProject "Journal2.0" */;
			compatibilityVersion = "Xcode 3.2";
			developmentRegion = English;
			hasScannedForEncodings = 0;
			knownRegions = (
				en,
				Base,
			);
			mainGroup = 28D75C161CED42960059D0D0;
			productRefGroup = 28D75C201CED42960059D0D0 /* Products */;
			projectDirPath = "";
			projectRoot = "";
			targets = (
				28D75C1E1CED42960059D0D0 /* Journal2.0 */,
			);
		};
/* End PBXProject section */

/* Begin PBXResourcesBuildPhase section */
		28D75C1D1CED42960059D0D0 /* Resources */ = {
			isa = PBXResourcesBuildPhase;
			buildActionMask = 2147483647;
			files = (
				28D75C2D1CED42960059D0D0 /* LaunchScreen.storyboard in Resources */,
				28D75C2A1CED42960059D0D0 /* Assets.xcassets in Resources */,
				28D75C281CED42960059D0D0 /* Main.storyboard in Resources */,
			);
			runOnlyForDeploymentPostprocessing = 0;
		};
/* End PBXResourcesBuildPhase section */

/* Begin PBXSourcesBuildPhase section */
		28D75C1B1CED42960059D0D0 /* Sources */ = {
			isa = PBXSourcesBuildPhase;
			buildActionMask = 2147483647;
			files = (
				28D75C371CED44B40059D0D0 /* EntryController.swift in Sources */,
				28D75C351CED435F0059D0D0 /* Entry.swift in Sources */,
				28D75C3B1CED4DCF0059D0D0 /* EntryListTableViewController.swift in Sources */,
				28D75C3E1CED524C0059D0D0 /* EntryDetailViewController.swift in Sources */,
				28D75C231CED42960059D0D0 /* AppDelegate.swift in Sources */,
			);
			runOnlyForDeploymentPostprocessing = 0;
		};
/* End PBXSourcesBuildPhase section */

/* Begin PBXVariantGroup section */
		28D75C261CED42960059D0D0 /* Main.storyboard */ = {
			isa = PBXVariantGroup;
			children = (
				28D75C271CED42960059D0D0 /* Base */,
			);
			name = Main.storyboard;
			sourceTree = "<group>";
		};
		28D75C2B1CED42960059D0D0 /* LaunchScreen.storyboard */ = {
			isa = PBXVariantGroup;
			children = (
				28D75C2C1CED42960059D0D0 /* Base */,
			);
			name = LaunchScreen.storyboard;
			sourceTree = "<group>";
		};
/* End PBXVariantGroup section */

/* Begin XCBuildConfiguration section */
		28D75C2F1CED42960059D0D0 /* Debug */ = {
			isa = XCBuildConfiguration;
			buildSettings = {
				ALWAYS_SEARCH_USER_PATHS = NO;
				CLANG_ANALYZER_NONNULL = YES;
				CLANG_CXX_LANGUAGE_STANDARD = "gnu++0x";
				CLANG_CXX_LIBRARY = "libc++";
				CLANG_ENABLE_MODULES = YES;
				CLANG_ENABLE_OBJC_ARC = YES;
				CLANG_WARN_BOOL_CONVERSION = YES;
				CLANG_WARN_CONSTANT_CONVERSION = YES;
				CLANG_WARN_DIRECT_OBJC_ISA_USAGE = YES_ERROR;
				CLANG_WARN_EMPTY_BODY = YES;
				CLANG_WARN_ENUM_CONVERSION = YES;
				CLANG_WARN_INT_CONVERSION = YES;
				CLANG_WARN_OBJC_ROOT_CLASS = YES_ERROR;
				CLANG_WARN_UNREACHABLE_CODE = YES;
				CLANG_WARN__DUPLICATE_METHOD_MATCH = YES;
				"CODE_SIGN_IDENTITY[sdk=iphoneos*]" = "iPhone Developer";
				COPY_PHASE_STRIP = NO;
				DEBUG_INFORMATION_FORMAT = dwarf;
				ENABLE_STRICT_OBJC_MSGSEND = YES;
				ENABLE_TESTABILITY = YES;
				GCC_C_LANGUAGE_STANDARD = gnu99;
				GCC_DYNAMIC_NO_PIC = NO;
				GCC_NO_COMMON_BLOCKS = YES;
				GCC_OPTIMIZATION_LEVEL = 0;
				GCC_PREPROCESSOR_DEFINITIONS = (
					"DEBUG=1",
					"$(inherited)",
				);
				GCC_WARN_64_TO_32_BIT_CONVERSION = YES;
				GCC_WARN_ABOUT_RETURN_TYPE = YES_ERROR;
				GCC_WARN_UNDECLARED_SELECTOR = YES;
				GCC_WARN_UNINITIALIZED_AUTOS = YES_AGGRESSIVE;
				GCC_WARN_UNUSED_FUNCTION = YES;
				GCC_WARN_UNUSED_VARIABLE = YES;
				IPHONEOS_DEPLOYMENT_TARGET = 9.3;
				MTL_ENABLE_DEBUG_INFO = YES;
				ONLY_ACTIVE_ARCH = YES;
				SDKROOT = iphoneos;
				SWIFT_OPTIMIZATION_LEVEL = "-Onone";
				TARGETED_DEVICE_FAMILY = "1,2";
			};
			name = Debug;
		};
		28D75C301CED42960059D0D0 /* Release */ = {
			isa = XCBuildConfiguration;
			buildSettings = {
				ALWAYS_SEARCH_USER_PATHS = NO;
				CLANG_ANALYZER_NONNULL = YES;
				CLANG_CXX_LANGUAGE_STANDARD = "gnu++0x";
				CLANG_CXX_LIBRARY = "libc++";
				CLANG_ENABLE_MODULES = YES;
				CLANG_ENABLE_OBJC_ARC = YES;
				CLANG_WARN_BOOL_CONVERSION = YES;
				CLANG_WARN_CONSTANT_CONVERSION = YES;
				CLANG_WARN_DIRECT_OBJC_ISA_USAGE = YES_ERROR;
				CLANG_WARN_EMPTY_BODY = YES;
				CLANG_WARN_ENUM_CONVERSION = YES;
				CLANG_WARN_INT_CONVERSION = YES;
				CLANG_WARN_OBJC_ROOT_CLASS = YES_ERROR;
				CLANG_WARN_UNREACHABLE_CODE = YES;
				CLANG_WARN__DUPLICATE_METHOD_MATCH = YES;
				"CODE_SIGN_IDENTITY[sdk=iphoneos*]" = "iPhone Developer";
				COPY_PHASE_STRIP = NO;
				DEBUG_INFORMATION_FORMAT = "dwarf-with-dsym";
				ENABLE_NS_ASSERTIONS = NO;
				ENABLE_STRICT_OBJC_MSGSEND = YES;
				GCC_C_LANGUAGE_STANDARD = gnu99;
				GCC_NO_COMMON_BLOCKS = YES;
				GCC_WARN_64_TO_32_BIT_CONVERSION = YES;
				GCC_WARN_ABOUT_RETURN_TYPE = YES_ERROR;
				GCC_WARN_UNDECLARED_SELECTOR = YES;
				GCC_WARN_UNINITIALIZED_AUTOS = YES_AGGRESSIVE;
				GCC_WARN_UNUSED_FUNCTION = YES;
				GCC_WARN_UNUSED_VARIABLE = YES;
				IPHONEOS_DEPLOYMENT_TARGET = 9.3;
				MTL_ENABLE_DEBUG_INFO = NO;
				SDKROOT = iphoneos;
				TARGETED_DEVICE_FAMILY = "1,2";
				VALIDATE_PRODUCT = YES;
			};
			name = Release;
		};
		28D75C321CED42960059D0D0 /* Debug */ = {
			isa = XCBuildConfiguration;
			buildSettings = {
				ASSETCATALOG_COMPILER_APPICON_NAME = AppIcon;
				INFOPLIST_FILE = Journal2.0/Info.plist;
				LD_RUNPATH_SEARCH_PATHS = "$(inherited) @executable_path/Frameworks";
				PRODUCT_BUNDLE_IDENTIFIER = "com.habib.Journal2-0";
				PRODUCT_NAME = "$(TARGET_NAME)";
			};
			name = Debug;
		};
		28D75C331CED42960059D0D0 /* Release */ = {
			isa = XCBuildConfiguration;
			buildSettings = {
				ASSETCATALOG_COMPILER_APPICON_NAME = AppIcon;
				INFOPLIST_FILE = Journal2.0/Info.plist;
				LD_RUNPATH_SEARCH_PATHS = "$(inherited) @executable_path/Frameworks";
				PRODUCT_BUNDLE_IDENTIFIER = "com.habib.Journal2-0";
				PRODUCT_NAME = "$(TARGET_NAME)";
			};
			name = Release;
		};
/* End XCBuildConfiguration section */

/* Begin XCConfigurationList section */
		28D75C1A1CED42960059D0D0 /* Build configuration list for PBXProject "Journal2.0" */ = {
			isa = XCConfigurationList;
			buildConfigurations = (
				28D75C2F1CED42960059D0D0 /* Debug */,
				28D75C301CED42960059D0D0 /* Release */,
			);
			defaultConfigurationIsVisible = 0;
			defaultConfigurationName = Release;
		};
		28D75C311CED42960059D0D0 /* Build configuration list for PBXNativeTarget "Journal2.0" */ = {
			isa = XCConfigurationList;
			buildConfigurations = (
				28D75C321CED42960059D0D0 /* Debug */,
				28D75C331CED42960059D0D0 /* Release */,
			);
			defaultConfigurationIsVisible = 0;
		};
/* End XCConfigurationList section */
	};
	rootObject = 28D75C171CED42960059D0D0 /* Project object */;
}
